
Microsoft Visual Studio Solution File, Format Version 12.00
# Visual Studio Version 17
VisualStudioVersion = 17.8.34322.80
MinimumVisualStudioVersion = 10.0.40219.1
Project("{888888A0-9F3D-457C-B088-3A5042F75D52}") = "ICMP-Flood", "DDoS\ICMP-Flood.pyproj", "{C2936517-19AF-496C-B1D3-E5A6CDA588C2}"
EndProject
Project("{888888A0-9F3D-457C-B088-3A5042F75D52}") = "Syn-Flood", "Syn-Flood\Syn-Flood.pyproj", "{F029699E-0BCF-4512-A50E-D78C4E92C4BF}"
EndProject
Project("{888888A0-9F3D-457C-B088-3A5042F75D52}") = "HTTP-Flood", "HTTP-Flood\HTTP-Flood.pyproj", "{E66B61F4-02AF-4BF4-8AF6-7E6213530377}"
EndProject
Project("{888888A0-9F3D-457C-B088-3A5042F75D52}") = "UDP-Flood", "UDP-Flood\UDP-Flood.pyproj", "{81EF2C5D-4AD9-4F0D-9A1C-46C7A97A3260}"
EndProject
Global
	GlobalSection(SolutionConfigurationPlatforms) = preSolution
		Debug|Any CPU = Debug|Any CPU
		Release|Any CPU = Release|Any CPU
	EndGlobalSection
	GlobalSection(ProjectConfigurationPlatforms) = postSolution
		{C2936517-19AF-496C-B1D3-E5A6CDA588C2}.Debug|Any CPU.ActiveCfg = Debug|Any CPU
		{C2936517-19AF-496C-B1D3-E5A6CDA588C2}.Release|Any CPU.ActiveCfg = Release|Any CPU
		{F029699E-0BCF-4512-A50E-D78C4E92C4BF}.Debug|Any CPU.ActiveCfg = Debug|Any CPU
		{F029699E-0BCF-4512-A50E-D78C4E92C4BF}.Release|Any CPU.ActiveCfg = Release|Any CPU
		{E66B61F4-02AF-4BF4-8AF6-7E6213530377}.Debug|Any CPU.ActiveCfg = Debug|Any CPU
		{E66B61F4-02AF-4BF4-8AF6-7E6213530377}.Release|Any CPU.ActiveCfg = Release|Any CPU
		{81EF2C5D-4AD9-4F0D-9A1C-46C7A97A3260}.Debug|Any CPU.ActiveCfg = Debug|Any CPU
		{81EF2C5D-4AD9-4F0D-9A1C-46C7A97A3260}.Release|Any CPU.ActiveCfg = Release|Any CPU
	EndGlobalSection
	GlobalSection(SolutionProperties) = preSolution
		HideSolutionNode = FALSE
	EndGlobalSection
	GlobalSection(ExtensibilityGlobals) = postSolution
		SolutionGuid = {BBB1CD10-C910-4C42-B5A0-48E7366B0D7C}
	EndGlobalSection
EndGlobal
