
Microsoft Visual Studio Solution File, Format Version 12.00
# Visual Studio Version 17
VisualStudioVersion = 17.8.34322.80
MinimumVisualStudioVersion = 10.0.40219.1
Project("{888888A0-9F3D-457C-B088-3A5042F75D52}") = "HTTP-Flood", "HTTP-Flood\HTTP-Flood.pyproj", "{E66B61F4-02AF-4BF4-8AF6-7E6213530377}"
EndProject
Project("{888888A0-9F3D-457C-B088-3A5042F75D52}") = "UDP-Flood", "UDP-Flood\UDP-Flood.pyproj", "{81EF2C5D-4AD9-4F0D-9A1C-46C7A97A3260}"
EndProject
Project("{888888A0-9F3D-457C-B088-3A5042F75D52}") = "ICMP-Flood", "ICMP-Flood\ICMP-Flood.pyproj", "{78D82F76-0C7C-46D7-82C5-B1999C9EEC08}"
EndProject
Project("{888888A0-9F3D-457C-B088-3A5042F75D52}") = "SYN-Flood", "SYN-Flood\SYN-Flood.pyproj", "{0308BA1E-17AA-429C-810A-46E8E9B9636C}"
EndProject
Project("{888888A0-9F3D-457C-B088-3A5042F75D52}") = "client-server", "client-server\client-server.pyproj", "{BB75F4D9-8256-47CA-8892-5A17CD47D588}"
EndProject
Global
	GlobalSection(SolutionConfigurationPlatforms) = preSolution
		Debug|Any CPU = Debug|Any CPU
		Release|Any CPU = Release|Any CPU
	EndGlobalSection
	GlobalSection(ProjectConfigurationPlatforms) = postSolution
		{E66B61F4-02AF-4BF4-8AF6-7E6213530377}.Debug|Any CPU.ActiveCfg = Debug|Any CPU
		{E66B61F4-02AF-4BF4-8AF6-7E6213530377}.Release|Any CPU.ActiveCfg = Release|Any CPU
		{81EF2C5D-4AD9-4F0D-9A1C-46C7A97A3260}.Debug|Any CPU.ActiveCfg = Debug|Any CPU
		{81EF2C5D-4AD9-4F0D-9A1C-46C7A97A3260}.Release|Any CPU.ActiveCfg = Release|Any CPU
		{78D82F76-0C7C-46D7-82C5-B1999C9EEC08}.Debug|Any CPU.ActiveCfg = Debug|Any CPU
		{78D82F76-0C7C-46D7-82C5-B1999C9EEC08}.Release|Any CPU.ActiveCfg = Release|Any CPU
		{0308BA1E-17AA-429C-810A-46E8E9B9636C}.Debug|Any CPU.ActiveCfg = Debug|Any CPU
		{0308BA1E-17AA-429C-810A-46E8E9B9636C}.Release|Any CPU.ActiveCfg = Release|Any CPU
		{BB75F4D9-8256-47CA-8892-5A17CD47D588}.Debug|Any CPU.ActiveCfg = Debug|Any CPU
		{BB75F4D9-8256-47CA-8892-5A17CD47D588}.Release|Any CPU.ActiveCfg = Release|Any CPU
	EndGlobalSection
	GlobalSection(SolutionProperties) = preSolution
		HideSolutionNode = FALSE
	EndGlobalSection
	GlobalSection(ExtensibilityGlobals) = postSolution
		SolutionGuid = {BBB1CD10-C910-4C42-B5A0-48E7366B0D7C}
	EndGlobalSection
EndGlobal
